
Microsoft Visual Studio Solution File, Format Version 12.00
# Visual Studio 15
VisualStudioVersion = 15.0.28010.2048
MinimumVisualStudioVersion = 10.0.40219.1
Project("{FAE04EC0-301F-11D3-BF4B-00C04F79EFBC}") = "AsyncOperationSample", "AsyncOperationSample\AsyncOperationSample.csproj", "{EB3C2B1F-709E-4C2A-A73E-66C257A5B300}"
EndProject
Global
	GlobalSection(SolutionConfigurationPlatforms) = preSolution
		Debug|Any CPU = Debug|Any CPU
		Release|Any CPU = Release|Any CPU
	EndGlobalSection
	GlobalSection(ProjectConfigurationPlatforms) = postSolution
		{EB3C2B1F-709E-4C2A-A73E-66C257A5B300}.Debug|Any CPU.ActiveCfg = Debug|Any CPU
		{EB3C2B1F-709E-4C2A-A73E-66C257A5B300}.Debug|Any CPU.Build.0 = Debug|Any CPU
		{EB3C2B1F-709E-4C2A-A73E-66C257A5B300}.Release|Any CPU.ActiveCfg = Release|Any CPU
		{EB3C2B1F-709E-4C2A-A73E-66C257A5B300}.Release|Any CPU.Build.0 = Release|Any CPU
	EndGlobalSection
	GlobalSection(SolutionProperties) = preSolution
		HideSolutionNode = FALSE
	EndGlobalSection
	GlobalSection(ExtensibilityGlobals) = postSolution
		SolutionGuid = {3992BC21-87C8-4FA9-B9B7-821FCE3EFE2B}
	EndGlobalSection
EndGlobal
